
Microsoft Visual Studio Solution File, Format Version 12.00
# Visual Studio 15
VisualStudioVersion = 15.0.28307.1622
MinimumVisualStudioVersion = 10.0.40219.1
Project("{FAE04EC0-301F-11D3-BF4B-00C04F79EFBC}") = "AnalisisAlgoRekursifVIterasi", "AnalisisAlgoRekursifVIterasi\AnalisisAlgoRekursifVIterasi.csproj", "{CC00D661-861C-41AD-B525-9109744CE401}"
EndProject
Global
	GlobalSection(SolutionConfigurationPlatforms) = preSolution
		Debug|Any CPU = Debug|Any CPU
		Release|Any CPU = Release|Any CPU
	EndGlobalSection
	GlobalSection(ProjectConfigurationPlatforms) = postSolution
		{CC00D661-861C-41AD-B525-9109744CE401}.Debug|Any CPU.ActiveCfg = Debug|Any CPU
		{CC00D661-861C-41AD-B525-9109744CE401}.Debug|Any CPU.Build.0 = Debug|Any CPU
		{CC00D661-861C-41AD-B525-9109744CE401}.Release|Any CPU.ActiveCfg = Release|Any CPU
		{CC00D661-861C-41AD-B525-9109744CE401}.Release|Any CPU.Build.0 = Release|Any CPU
	EndGlobalSection
	GlobalSection(SolutionProperties) = preSolution
		HideSolutionNode = FALSE
	EndGlobalSection
	GlobalSection(ExtensibilityGlobals) = postSolution
		SolutionGuid = {B862F1FA-325A-4603-A1E5-8E7DDE7D9EBB}
	EndGlobalSection
EndGlobal
